
Microsoft Visual Studio Solution File, Format Version 12.00
# Visual Studio Version 16
VisualStudioVersion = 16.0.30413.136
MinimumVisualStudioVersion = 10.0.40219.1
Project("{FAE04EC0-301F-11D3-BF4B-00C04F79EFBC}") = "xamlElemendid.Android", "xamlElemendid\xamlElemendid.Android\xamlElemendid.Android.csproj", "{66F0D147-FE2B-4E3A-B910-2C76B8D07052}"
EndProject
Project("{FAE04EC0-301F-11D3-BF4B-00C04F79EFBC}") = "xamlElemendid.iOS", "xamlElemendid\xamlElemendid.iOS\xamlElemendid.iOS.csproj", "{E6874968-F867-4396-9151-843275180EBB}"
EndProject
Project("{FAE04EC0-301F-11D3-BF4B-00C04F79EFBC}") = "xamlElemendid", "xamlElemendid\xamlElemendid\xamlElemendid.csproj", "{986933B2-AE1E-480B-8093-17B5FCD5B3C8}"
EndProject
Global
	GlobalSection(SolutionConfigurationPlatforms) = preSolution
		Debug|Any CPU = Debug|Any CPU
		Debug|iPhone = Debug|iPhone
		Debug|iPhoneSimulator = Debug|iPhoneSimulator
		Release|Any CPU = Release|Any CPU
		Release|iPhone = Release|iPhone
		Release|iPhoneSimulator = Release|iPhoneSimulator
	EndGlobalSection
	GlobalSection(ProjectConfigurationPlatforms) = postSolution
		{66F0D147-FE2B-4E3A-B910-2C76B8D07052}.Debug|Any CPU.ActiveCfg = Debug|Any CPU
		{66F0D147-FE2B-4E3A-B910-2C76B8D07052}.Debug|Any CPU.Build.0 = Debug|Any CPU
		{66F0D147-FE2B-4E3A-B910-2C76B8D07052}.Debug|Any CPU.Deploy.0 = Debug|Any CPU
		{66F0D147-FE2B-4E3A-B910-2C76B8D07052}.Debug|iPhone.ActiveCfg = Debug|Any CPU
		{66F0D147-FE2B-4E3A-B910-2C76B8D07052}.Debug|iPhone.Build.0 = Debug|Any CPU
		{66F0D147-FE2B-4E3A-B910-2C76B8D07052}.Debug|iPhone.Deploy.0 = Debug|Any CPU
		{66F0D147-FE2B-4E3A-B910-2C76B8D07052}.Debug|iPhoneSimulator.ActiveCfg = Debug|Any CPU
		{66F0D147-FE2B-4E3A-B910-2C76B8D07052}.Debug|iPhoneSimulator.Build.0 = Debug|Any CPU
		{66F0D147-FE2B-4E3A-B910-2C76B8D07052}.Debug|iPhoneSimulator.Deploy.0 = Debug|Any CPU
		{66F0D147-FE2B-4E3A-B910-2C76B8D07052}.Release|Any CPU.ActiveCfg = Release|Any CPU
		{66F0D147-FE2B-4E3A-B910-2C76B8D07052}.Release|Any CPU.Build.0 = Release|Any CPU
		{66F0D147-FE2B-4E3A-B910-2C76B8D07052}.Release|Any CPU.Deploy.0 = Release|Any CPU
		{66F0D147-FE2B-4E3A-B910-2C76B8D07052}.Release|iPhone.ActiveCfg = Release|Any CPU
		{66F0D147-FE2B-4E3A-B910-2C76B8D07052}.Release|iPhone.Build.0 = Release|Any CPU
		{66F0D147-FE2B-4E3A-B910-2C76B8D07052}.Release|iPhone.Deploy.0 = Release|Any CPU
		{66F0D147-FE2B-4E3A-B910-2C76B8D07052}.Release|iPhoneSimulator.ActiveCfg = Release|Any CPU
		{66F0D147-FE2B-4E3A-B910-2C76B8D07052}.Release|iPhoneSimulator.Build.0 = Release|Any CPU
		{66F0D147-FE2B-4E3A-B910-2C76B8D07052}.Release|iPhoneSimulator.Deploy.0 = Release|Any CPU
		{E6874968-F867-4396-9151-843275180EBB}.Debug|Any CPU.ActiveCfg = Debug|iPhone
		{E6874968-F867-4396-9151-843275180EBB}.Debug|Any CPU.Build.0 = Debug|iPhone
		{E6874968-F867-4396-9151-843275180EBB}.Debug|Any CPU.Deploy.0 = Debug|iPhone
		{E6874968-F867-4396-9151-843275180EBB}.Debug|iPhone.ActiveCfg = Debug|iPhone
		{E6874968-F867-4396-9151-843275180EBB}.Debug|iPhone.Build.0 = Debug|iPhone
		{E6874968-F867-4396-9151-843275180EBB}.Debug|iPhone.Deploy.0 = Debug|iPhone
		{E6874968-F867-4396-9151-843275180EBB}.Debug|iPhoneSimulator.ActiveCfg = Debug|iPhoneSimulator
		{E6874968-F867-4396-9151-843275180EBB}.Debug|iPhoneSimulator.Build.0 = Debug|iPhoneSimulator
		{E6874968-F867-4396-9151-843275180EBB}.Debug|iPhoneSimulator.Deploy.0 = Debug|iPhoneSimulator
		{E6874968-F867-4396-9151-843275180EBB}.Release|Any CPU.ActiveCfg = Release|iPhone
		{E6874968-F867-4396-9151-843275180EBB}.Release|Any CPU.Build.0 = Release|iPhone
		{E6874968-F867-4396-9151-843275180EBB}.Release|Any CPU.Deploy.0 = Release|iPhone
		{E6874968-F867-4396-9151-843275180EBB}.Release|iPhone.ActiveCfg = Release|iPhone
		{E6874968-F867-4396-9151-843275180EBB}.Release|iPhone.Build.0 = Release|iPhone
		{E6874968-F867-4396-9151-843275180EBB}.Release|iPhone.Deploy.0 = Release|iPhone
		{E6874968-F867-4396-9151-843275180EBB}.Release|iPhoneSimulator.ActiveCfg = Release|iPhoneSimulator
		{E6874968-F867-4396-9151-843275180EBB}.Release|iPhoneSimulator.Build.0 = Release|iPhoneSimulator
		{E6874968-F867-4396-9151-843275180EBB}.Release|iPhoneSimulator.Deploy.0 = Release|iPhoneSimulator
		{986933B2-AE1E-480B-8093-17B5FCD5B3C8}.Debug|Any CPU.ActiveCfg = Debug|Any CPU
		{986933B2-AE1E-480B-8093-17B5FCD5B3C8}.Debug|Any CPU.Build.0 = Debug|Any CPU
		{986933B2-AE1E-480B-8093-17B5FCD5B3C8}.Debug|Any CPU.Deploy.0 = Debug|Any CPU
		{986933B2-AE1E-480B-8093-17B5FCD5B3C8}.Debug|iPhone.ActiveCfg = Debug|Any CPU
		{986933B2-AE1E-480B-8093-17B5FCD5B3C8}.Debug|iPhone.Build.0 = Debug|Any CPU
		{986933B2-AE1E-480B-8093-17B5FCD5B3C8}.Debug|iPhone.Deploy.0 = Debug|Any CPU
		{986933B2-AE1E-480B-8093-17B5FCD5B3C8}.Debug|iPhoneSimulator.ActiveCfg = Debug|Any CPU
		{986933B2-AE1E-480B-8093-17B5FCD5B3C8}.Debug|iPhoneSimulator.Build.0 = Debug|Any CPU
		{986933B2-AE1E-480B-8093-17B5FCD5B3C8}.Debug|iPhoneSimulator.Deploy.0 = Debug|Any CPU
		{986933B2-AE1E-480B-8093-17B5FCD5B3C8}.Release|Any CPU.ActiveCfg = Release|Any CPU
		{986933B2-AE1E-480B-8093-17B5FCD5B3C8}.Release|Any CPU.Build.0 = Release|Any CPU
		{986933B2-AE1E-480B-8093-17B5FCD5B3C8}.Release|Any CPU.Deploy.0 = Release|Any CPU
		{986933B2-AE1E-480B-8093-17B5FCD5B3C8}.Release|iPhone.ActiveCfg = Release|Any CPU
		{986933B2-AE1E-480B-8093-17B5FCD5B3C8}.Release|iPhone.Build.0 = Release|Any CPU
		{986933B2-AE1E-480B-8093-17B5FCD5B3C8}.Release|iPhone.Deploy.0 = Release|Any CPU
		{986933B2-AE1E-480B-8093-17B5FCD5B3C8}.Release|iPhoneSimulator.ActiveCfg = Release|Any CPU
		{986933B2-AE1E-480B-8093-17B5FCD5B3C8}.Release|iPhoneSimulator.Build.0 = Release|Any CPU
		{986933B2-AE1E-480B-8093-17B5FCD5B3C8}.Release|iPhoneSimulator.Deploy.0 = Release|Any CPU
	EndGlobalSection
	GlobalSection(SolutionProperties) = preSolution
		HideSolutionNode = FALSE
	EndGlobalSection
	GlobalSection(ExtensibilityGlobals) = postSolution
		SolutionGuid = {5FDFFD33-DF3A-4D21-93EE-E3CFB60C2E10}
	EndGlobalSection
EndGlobal
